
Microsoft Visual Studio Solution File, Format Version 12.00
# Visual Studio 15
VisualStudioVersion = 15.0.26430.6
MinimumVisualStudioVersion = 10.0.40219.1
Project("{FAE04EC0-301F-11D3-BF4B-00C04F79EFBC}") = "ConsoleApp", "ConsoleApp\ConsoleApp.csproj", "{D5DE6F24-DA3D-4008-B310-A18978C35CEF}"
EndProject
Global
	GlobalSection(SolutionConfigurationPlatforms) = preSolution
		Debug|Any CPU = Debug|Any CPU
		Release|Any CPU = Release|Any CPU
	EndGlobalSection
	GlobalSection(ProjectConfigurationPlatforms) = postSolution
		{D5DE6F24-DA3D-4008-B310-A18978C35CEF}.Debug|Any CPU.ActiveCfg = Debug|Any CPU
		{D5DE6F24-DA3D-4008-B310-A18978C35CEF}.Debug|Any CPU.Build.0 = Debug|Any CPU
		{D5DE6F24-DA3D-4008-B310-A18978C35CEF}.Release|Any CPU.ActiveCfg = Release|Any CPU
		{D5DE6F24-DA3D-4008-B310-A18978C35CEF}.Release|Any CPU.Build.0 = Release|Any CPU
	EndGlobalSection
	GlobalSection(SolutionProperties) = preSolution
		HideSolutionNode = FALSE
	EndGlobalSection
EndGlobal
